
Microsoft Visual Studio Solution File, Format Version 12.00
# Visual Studio 14
VisualStudioVersion = 14.0.24720.0
MinimumVisualStudioVersion = 10.0.40219.1
Project("{2150E333-8FDC-42A3-9474-1A3956D46DE8}") = "Data", "Data", "{67611D07-2119-4CAC-85EB-77DC6FB97C6B}"
EndProject
Project("{2150E333-8FDC-42A3-9474-1A3956D46DE8}") = "Web", "Web", "{574EEB1A-6D16-44A3-A813-F314D18268C8}"
EndProject
Project("{2150E333-8FDC-42A3-9474-1A3956D46DE8}") = "Tests", "Tests", "{79B469E6-174E-4FE1-9034-DEC2E6CE2BBB}"
EndProject
Project("{2150E333-8FDC-42A3-9474-1A3956D46DE8}") = "Services", "Services", "{B48C2F89-C073-45C5-8E05-04F9E4990413}"
EndProject
Project("{FAE04EC0-301F-11D3-BF4B-00C04F79EFBC}") = "WarehouseSystem.Web", "Web\WarehouseSystem.Web\WarehouseSystem.Web.csproj", "{DA2B9C7A-03C2-472B-B140-E41785A0B08E}"
EndProject
Project("{FAE04EC0-301F-11D3-BF4B-00C04F79EFBC}") = "WarehouseSystem.Data", "Data\WarehouseSystem.Data\WarehouseSystem.Data.csproj", "{7F5BDA8F-F51C-4B3A-A7AA-8F43E4E42A7D}"
EndProject
Project("{FAE04EC0-301F-11D3-BF4B-00C04F79EFBC}") = "WarehouseSystem.Data.Models", "Data\WarehouseSystem.Data.Models\WarehouseSystem.Data.Models.csproj", "{AA2D7979-4E41-4C6C-8A78-9644CB915C59}"
EndProject
Project("{FAE04EC0-301F-11D3-BF4B-00C04F79EFBC}") = "WarehouseSystem.Services.Data", "Services\WarehouseSystem.Services.Data\WarehouseSystem.Services.Data.csproj", "{B6C34989-1965-4971-84D7-7BB2F3EC5A35}"
EndProject
Project("{2150E333-8FDC-42A3-9474-1A3956D46DE8}") = "Common", "Common", "{91F28054-32D8-41E1-AA4D-C06F120DA2E1}"
EndProject
Project("{FAE04EC0-301F-11D3-BF4B-00C04F79EFBC}") = "WarehouseSystem.Common", "Common\WarehouseSystem.Common\WarehouseSystem.Common.csproj", "{EDD39A31-4812-43E3-A6FE-48AAE494BF0D}"
EndProject
Project("{FAE04EC0-301F-11D3-BF4B-00C04F79EFBC}") = "WarehouseSystem.Data.Common", "Data\WarehouseSystem.Data.Common\WarehouseSystem.Data.Common.csproj", "{A11FB528-D078-4C89-8373-70D7400E35FF}"
EndProject
Project("{FAE04EC0-301F-11D3-BF4B-00C04F79EFBC}") = "WarehouseSystem.Services.Web", "Services\WarehouseSystem.Services.Web\WarehouseSystem.Services.Web.csproj", "{DEAB17A2-58C1-448C-8A66-D49C3AF7FC6C}"
EndProject
Project("{FAE04EC0-301F-11D3-BF4B-00C04F79EFBC}") = "WarehouseSystem.Services.Web.Tests", "Tests\WarehouseSystem.Services.Web.Tests\WarehouseSystem.Services.Web.Tests.csproj", "{D0D962BD-363D-4A22-9DB1-53136CE8EBF4}"
EndProject
Project("{FAE04EC0-301F-11D3-BF4B-00C04F79EFBC}") = "WarehouseSystem.Web.Controllers.Tests", "Tests\WarehouseSystem.Web.Controllers.Tests\WarehouseSystem.Web.Controllers.Tests.csproj", "{7C55353F-CB74-4E8E-B272-42DA1C9C2194}"
EndProject
Project("{FAE04EC0-301F-11D3-BF4B-00C04F79EFBC}") = "WarehouseSystem.Web.Routes.Tests", "Tests\WarehouseSystem.Web.Routes.Tests\WarehouseSystem.Web.Routes.Tests.csproj", "{C3A300EF-D136-4334-9211-466B9E699339}"
EndProject
Global
	GlobalSection(SolutionConfigurationPlatforms) = preSolution
		Debug|Any CPU = Debug|Any CPU
		Release|Any CPU = Release|Any CPU
	EndGlobalSection
	GlobalSection(ProjectConfigurationPlatforms) = postSolution
		{DA2B9C7A-03C2-472B-B140-E41785A0B08E}.Debug|Any CPU.ActiveCfg = Debug|Any CPU
		{DA2B9C7A-03C2-472B-B140-E41785A0B08E}.Debug|Any CPU.Build.0 = Debug|Any CPU
		{DA2B9C7A-03C2-472B-B140-E41785A0B08E}.Release|Any CPU.ActiveCfg = Release|Any CPU
		{DA2B9C7A-03C2-472B-B140-E41785A0B08E}.Release|Any CPU.Build.0 = Release|Any CPU
		{7F5BDA8F-F51C-4B3A-A7AA-8F43E4E42A7D}.Debug|Any CPU.ActiveCfg = Debug|Any CPU
		{7F5BDA8F-F51C-4B3A-A7AA-8F43E4E42A7D}.Debug|Any CPU.Build.0 = Debug|Any CPU
		{7F5BDA8F-F51C-4B3A-A7AA-8F43E4E42A7D}.Release|Any CPU.ActiveCfg = Release|Any CPU
		{7F5BDA8F-F51C-4B3A-A7AA-8F43E4E42A7D}.Release|Any CPU.Build.0 = Release|Any CPU
		{AA2D7979-4E41-4C6C-8A78-9644CB915C59}.Debug|Any CPU.ActiveCfg = Debug|Any CPU
		{AA2D7979-4E41-4C6C-8A78-9644CB915C59}.Debug|Any CPU.Build.0 = Debug|Any CPU
		{AA2D7979-4E41-4C6C-8A78-9644CB915C59}.Release|Any CPU.ActiveCfg = Release|Any CPU
		{AA2D7979-4E41-4C6C-8A78-9644CB915C59}.Release|Any CPU.Build.0 = Release|Any CPU
		{B6C34989-1965-4971-84D7-7BB2F3EC5A35}.Debug|Any CPU.ActiveCfg = Debug|Any CPU
		{B6C34989-1965-4971-84D7-7BB2F3EC5A35}.Debug|Any CPU.Build.0 = Debug|Any CPU
		{B6C34989-1965-4971-84D7-7BB2F3EC5A35}.Release|Any CPU.ActiveCfg = Release|Any CPU
		{B6C34989-1965-4971-84D7-7BB2F3EC5A35}.Release|Any CPU.Build.0 = Release|Any CPU
		{EDD39A31-4812-43E3-A6FE-48AAE494BF0D}.Debug|Any CPU.ActiveCfg = Debug|Any CPU
		{EDD39A31-4812-43E3-A6FE-48AAE494BF0D}.Debug|Any CPU.Build.0 = Debug|Any CPU
		{EDD39A31-4812-43E3-A6FE-48AAE494BF0D}.Release|Any CPU.ActiveCfg = Release|Any CPU
		{EDD39A31-4812-43E3-A6FE-48AAE494BF0D}.Release|Any CPU.Build.0 = Release|Any CPU
		{A11FB528-D078-4C89-8373-70D7400E35FF}.Debug|Any CPU.ActiveCfg = Debug|Any CPU
		{A11FB528-D078-4C89-8373-70D7400E35FF}.Debug|Any CPU.Build.0 = Debug|Any CPU
		{A11FB528-D078-4C89-8373-70D7400E35FF}.Release|Any CPU.ActiveCfg = Release|Any CPU
		{A11FB528-D078-4C89-8373-70D7400E35FF}.Release|Any CPU.Build.0 = Release|Any CPU
		{DEAB17A2-58C1-448C-8A66-D49C3AF7FC6C}.Debug|Any CPU.ActiveCfg = Debug|Any CPU
		{DEAB17A2-58C1-448C-8A66-D49C3AF7FC6C}.Debug|Any CPU.Build.0 = Debug|Any CPU
		{DEAB17A2-58C1-448C-8A66-D49C3AF7FC6C}.Release|Any CPU.ActiveCfg = Release|Any CPU
		{DEAB17A2-58C1-448C-8A66-D49C3AF7FC6C}.Release|Any CPU.Build.0 = Release|Any CPU
		{D0D962BD-363D-4A22-9DB1-53136CE8EBF4}.Debug|Any CPU.ActiveCfg = Debug|Any CPU
		{D0D962BD-363D-4A22-9DB1-53136CE8EBF4}.Debug|Any CPU.Build.0 = Debug|Any CPU
		{D0D962BD-363D-4A22-9DB1-53136CE8EBF4}.Release|Any CPU.ActiveCfg = Release|Any CPU
		{D0D962BD-363D-4A22-9DB1-53136CE8EBF4}.Release|Any CPU.Build.0 = Release|Any CPU
		{7C55353F-CB74-4E8E-B272-42DA1C9C2194}.Debug|Any CPU.ActiveCfg = Debug|Any CPU
		{7C55353F-CB74-4E8E-B272-42DA1C9C2194}.Debug|Any CPU.Build.0 = Debug|Any CPU
		{7C55353F-CB74-4E8E-B272-42DA1C9C2194}.Release|Any CPU.ActiveCfg = Release|Any CPU
		{7C55353F-CB74-4E8E-B272-42DA1C9C2194}.Release|Any CPU.Build.0 = Release|Any CPU
		{C3A300EF-D136-4334-9211-466B9E699339}.Debug|Any CPU.ActiveCfg = Debug|Any CPU
		{C3A300EF-D136-4334-9211-466B9E699339}.Debug|Any CPU.Build.0 = Debug|Any CPU
		{C3A300EF-D136-4334-9211-466B9E699339}.Release|Any CPU.ActiveCfg = Release|Any CPU
		{C3A300EF-D136-4334-9211-466B9E699339}.Release|Any CPU.Build.0 = Release|Any CPU
	EndGlobalSection
	GlobalSection(SolutionProperties) = preSolution
		HideSolutionNode = FALSE
	EndGlobalSection
	GlobalSection(NestedProjects) = preSolution
		{DA2B9C7A-03C2-472B-B140-E41785A0B08E} = {574EEB1A-6D16-44A3-A813-F314D18268C8}
		{7F5BDA8F-F51C-4B3A-A7AA-8F43E4E42A7D} = {67611D07-2119-4CAC-85EB-77DC6FB97C6B}
		{AA2D7979-4E41-4C6C-8A78-9644CB915C59} = {67611D07-2119-4CAC-85EB-77DC6FB97C6B}
		{B6C34989-1965-4971-84D7-7BB2F3EC5A35} = {B48C2F89-C073-45C5-8E05-04F9E4990413}
		{EDD39A31-4812-43E3-A6FE-48AAE494BF0D} = {91F28054-32D8-41E1-AA4D-C06F120DA2E1}
		{A11FB528-D078-4C89-8373-70D7400E35FF} = {67611D07-2119-4CAC-85EB-77DC6FB97C6B}
		{DEAB17A2-58C1-448C-8A66-D49C3AF7FC6C} = {B48C2F89-C073-45C5-8E05-04F9E4990413}
		{D0D962BD-363D-4A22-9DB1-53136CE8EBF4} = {79B469E6-174E-4FE1-9034-DEC2E6CE2BBB}
		{7C55353F-CB74-4E8E-B272-42DA1C9C2194} = {79B469E6-174E-4FE1-9034-DEC2E6CE2BBB}
		{C3A300EF-D136-4334-9211-466B9E699339} = {79B469E6-174E-4FE1-9034-DEC2E6CE2BBB}
	EndGlobalSection
EndGlobal
